
Microsoft Visual Studio Solution File, Format Version 12.00
# Visual Studio 2013
VisualStudioVersion = 12.0.21005.1
MinimumVisualStudioVersion = 10.0.40219.1
Project("{E24C65DC-7377-472B-9ABA-BC803B73C61A}") = "DO_AN", "D:\Project-C++\DO_AN\", "{ADA763A2-53F0-415C-9CAB-D2DA74B6710C}"
	ProjectSection(WebsiteProperties) = preProject
		TargetFrameworkMoniker = ".NETFramework,Version%3Dv4.5"
		Debug.AspNetCompiler.VirtualPath = "/localhost_6267"
		Debug.AspNetCompiler.PhysicalPath = "D:\Project-C++\DO_AN\"
		Debug.AspNetCompiler.TargetPath = "PrecompiledWeb\localhost_6267\"
		Debug.AspNetCompiler.Updateable = "true"
		Debug.AspNetCompiler.ForceOverwrite = "true"
		Debug.AspNetCompiler.FixedNames = "false"
		Debug.AspNetCompiler.Debug = "True"
		Release.AspNetCompiler.VirtualPath = "/localhost_6267"
		Release.AspNetCompiler.PhysicalPath = "D:\Project-C++\DO_AN\"
		Release.AspNetCompiler.TargetPath = "PrecompiledWeb\localhost_6267\"
		Release.AspNetCompiler.Updateable = "true"
		Release.AspNetCompiler.ForceOverwrite = "true"
		Release.AspNetCompiler.FixedNames = "false"
		Release.AspNetCompiler.Debug = "False"
		VWDPort = "6267"
		SlnRelativePath = "D:\Project-C++\DO_AN\"
		DefaultWebSiteLanguage = "Visual C#"
	EndProjectSection
EndProject
Project("{FAE04EC0-301F-11D3-BF4B-00C04F79EFBC}") = "DEMO", "DEMO\DEMO.csproj", "{F7F02C7D-5046-4BD6-B7EE-B3DF9A1A3368}"
EndProject
Global
	GlobalSection(SolutionConfigurationPlatforms) = preSolution
		Debug|Any CPU = Debug|Any CPU
		Release|Any CPU = Release|Any CPU
	EndGlobalSection
	GlobalSection(ProjectConfigurationPlatforms) = postSolution
		{ADA763A2-53F0-415C-9CAB-D2DA74B6710C}.Debug|Any CPU.ActiveCfg = Debug|Any CPU
		{ADA763A2-53F0-415C-9CAB-D2DA74B6710C}.Debug|Any CPU.Build.0 = Debug|Any CPU
		{ADA763A2-53F0-415C-9CAB-D2DA74B6710C}.Release|Any CPU.ActiveCfg = Debug|Any CPU
		{ADA763A2-53F0-415C-9CAB-D2DA74B6710C}.Release|Any CPU.Build.0 = Debug|Any CPU
		{F7F02C7D-5046-4BD6-B7EE-B3DF9A1A3368}.Debug|Any CPU.ActiveCfg = Debug|Any CPU
		{F7F02C7D-5046-4BD6-B7EE-B3DF9A1A3368}.Debug|Any CPU.Build.0 = Debug|Any CPU
		{F7F02C7D-5046-4BD6-B7EE-B3DF9A1A3368}.Release|Any CPU.ActiveCfg = Release|Any CPU
		{F7F02C7D-5046-4BD6-B7EE-B3DF9A1A3368}.Release|Any CPU.Build.0 = Release|Any CPU
	EndGlobalSection
	GlobalSection(SolutionProperties) = preSolution
		HideSolutionNode = FALSE
	EndGlobalSection
EndGlobal
